// !$*UTF8*$!
{
	archiveVersion = 1;
	classes = {
	};
	objectVersion = 56;
	objects = {

/* Begin PBXBuildFile section */
		4D99031B2B747BDE00288A2A /* GesturesDemoApp.swift in Sources */ = {isa = PBXBuildFile; fileRef = 4D99031A2B747BDE00288A2A /* GesturesDemoApp.swift */; };
		4D99031D2B747BDE00288A2A /* ContentView.swift in Sources */ = {isa = PBXBuildFile; fileRef = 4D99031C2B747BDE00288A2A /* ContentView.swift */; };
		4D99031F2B747BDF00288A2A /* Assets.xcassets in Resources */ = {isa = PBXBuildFile; fileRef = 4D99031E2B747BDF00288A2A /* Assets.xcassets */; };
		4D9903222B747BDF00288A2A /* Preview Assets.xcassets in Resources */ = {isa = PBXBuildFile; fileRef = 4D9903212B747BDF00288A2A /* Preview Assets.xcassets */; };
		4D99032C2B747BDF00288A2A /* GesturesDemoTests.swift in Sources */ = {isa = PBXBuildFile; fileRef = 4D99032B2B747BDF00288A2A /* GesturesDemoTests.swift */; };
		4D9903362B747BDF00288A2A /* GesturesDemoUITests.swift in Sources */ = {isa = PBXBuildFile; fileRef = 4D9903352B747BDF00288A2A /* GesturesDemoUITests.swift */; };
		4D9903382B747BDF00288A2A /* GesturesDemoUITestsLaunchTests.swift in Sources */ = {isa = PBXBuildFile; fileRef = 4D9903372B747BDF00288A2A /* GesturesDemoUITestsLaunchTests.swift */; };
/* End PBXBuildFile section */

/* Begin PBXContainerItemProxy section */
		4D9903282B747BDF00288A2A /* PBXContainerItemProxy */ = {
			isa = PBXContainerItemProxy;
			containerPortal = 4D99030F2B747BDE00288A2A /* Project object */;
			proxyType = 1;
			remoteGlobalIDString = 4D9903162B747BDE00288A2A;
			remoteInfo = GesturesDemo;
		};
		4D9903322B747BDF00288A2A /* PBXContainerItemProxy */ = {
			isa = PBXContainerItemProxy;
			containerPortal = 4D99030F2B747BDE00288A2A /* Project object */;
			proxyType = 1;
			remoteGlobalIDString = 4D9903162B747BDE00288A2A;
			remoteInfo = GesturesDemo;
		};
/* End PBXContainerItemProxy section */

/* Begin PBXFileReference section */
		4D9903172B747BDE00288A2A /* GesturesDemo.app */ = {isa = PBXFileReference; explicitFileType = wrapper.application; includeInIndex = 0; path = GesturesDemo.app; sourceTree = BUILT_PRODUCTS_DIR; };
		4D99031A2B747BDE00288A2A /* GesturesDemoApp.swift */ = {isa = PBXFileReference; lastKnownFileType = sourcecode.swift; path = GesturesDemoApp.swift; sourceTree = "<group>"; };
		4D99031C2B747BDE00288A2A /* ContentView.swift */ = {isa = PBXFileReference; lastKnownFileType = sourcecode.swift; path = ContentView.swift; sourceTree = "<group>"; };
		4D99031E2B747BDF00288A2A /* Assets.xcassets */ = {isa = PBXFileReference; lastKnownFileType = folder.assetcatalog; path = Assets.xcassets; sourceTree = "<group>"; };
		4D9903212B747BDF00288A2A /* Preview Assets.xcassets */ = {isa = PBXFileReference; lastKnownFileType = folder.assetcatalog; path = "Preview Assets.xcassets"; sourceTree = "<group>"; };
		4D9903272B747BDF00288A2A /* GesturesDemoTests.xctest */ = {isa = PBXFileReference; explicitFileType = wrapper.cfbundle; includeInIndex = 0; path = GesturesDemoTests.xctest; sourceTree = BUILT_PRODUCTS_DIR; };
		4D99032B2B747BDF00288A2A /* GesturesDemoTests.swift */ = {isa = PBXFileReference; lastKnownFileType = sourcecode.swift; path = GesturesDemoTests.swift; sourceTree = "<group>"; };
		4D9903312B747BDF00288A2A /* GesturesDemoUITests.xctest */ = {isa = PBXFileReference; explicitFileType = wrapper.cfbundle; includeInIndex = 0; path = GesturesDemoUITests.xctest; sourceTree = BUILT_PRODUCTS_DIR; };
		4D9903352B747BDF00288A2A /* GesturesDemoUITests.swift */ = {isa = PBXFileReference; lastKnownFileType = sourcecode.swift; path = GesturesDemoUITests.swift; sourceTree = "<group>"; };
		4D9903372B747BDF00288A2A /* GesturesDemoUITestsLaunchTests.swift */ = {isa = PBXFileReference; lastKnownFileType = sourcecode.swift; path = GesturesDemoUITestsLaunchTests.swift; sourceTree = "<group>"; };
/* End PBXFileReference section */

/* Begin PBXFrameworksBuildPhase section */
		4D9903142B747BDE00288A2A /* Frameworks */ = {
			isa = PBXFrameworksBuildPhase;
			buildActionMask = 2147483647;
			files = (
			);
			runOnlyForDeploymentPostprocessing = 0;
		};
		4D9903242B747BDF00288A2A /* Frameworks */ = {
			isa = PBXFrameworksBuildPhase;
			buildActionMask = 2147483647;
			files = (
			);
			runOnlyForDeploymentPostprocessing = 0;
		};
		4D99032E2B747BDF00288A2A /* Frameworks */ = {
			isa = PBXFrameworksBuildPhase;
			buildActionMask = 2147483647;
			files = (
			);
			runOnlyForDeploymentPostprocessing = 0;
		};
/* End PBXFrameworksBuildPhase section */

/* Begin PBXGroup section */
		4D99030E2B747BDE00288A2A = {
			isa = PBXGroup;
			children = (
				4D9903192B747BDE00288A2A /* GesturesDemo */,
				4D99032A2B747BDF00288A2A /* GesturesDemoTests */,
				4D9903342B747BDF00288A2A /* GesturesDemoUITests */,
				4D9903182B747BDE00288A2A /* Products */,
			);
			sourceTree = "<group>";
		};
		4D9903182B747BDE00288A2A /* Products */ = {
			isa = PBXGroup;
			children = (
				4D9903172B747BDE00288A2A /* GesturesDemo.app */,
				4D9903272B747BDF00288A2A /* GesturesDemoTests.xctest */,
				4D9903312B747BDF00288A2A /* GesturesDemoUITests.xctest */,
			);
			name = Products;
			sourceTree = "<group>";
		};
		4D9903192B747BDE00288A2A /* GesturesDemo */ = {
			isa = PBXGroup;
			children = (
				4D99031A2B747BDE00288A2A /* GesturesDemoApp.swift */,
				4D99031C2B747BDE00288A2A /* ContentView.swift */,
				4D99031E2B747BDF00288A2A /* Assets.xcassets */,
				4D9903202B747BDF00288A2A /* Preview Content */,
			);
			path = GesturesDemo;
			sourceTree = "<group>";
		};
		4D9903202B747BDF00288A2A /* Preview Content */ = {
			isa = PBXGroup;
			children = (
				4D9903212B747BDF00288A2A /* Preview Assets.xcassets */,
			);
			path = "Preview Content";
			sourceTree = "<group>";
		};
		4D99032A2B747BDF00288A2A /* GesturesDemoTests */ = {
			isa = PBXGroup;
			children = (
				4D99032B2B747BDF00288A2A /* GesturesDemoTests.swift */,
			);
			path = GesturesDemoTests;
			sourceTree = "<group>";
		};
		4D9903342B747BDF00288A2A /* GesturesDemoUITests */ = {
			isa = PBXGroup;
			children = (
				4D9903352B747BDF00288A2A /* GesturesDemoUITests.swift */,
				4D9903372B747BDF00288A2A /* GesturesDemoUITestsLaunchTests.swift */,
			);
			path = GesturesDemoUITests;
			sourceTree = "<group>";
		};
/* End PBXGroup section */

/* Begin PBXNativeTarget section */
		4D9903162B747BDE00288A2A /* GesturesDemo */ = {
			isa = PBXNativeTarget;
			buildConfigurationList = 4D99033B2B747BDF00288A2A /* Build configuration list for PBXNativeTarget "GesturesDemo" */;
			buildPhases = (
				4D9903132B747BDE00288A2A /* Sources */,
				4D9903142B747BDE00288A2A /* Frameworks */,
				4D9903152B747BDE00288A2A /* Resources */,
			);
			buildRules = (
			);
			dependencies = (
			);
			name = GesturesDemo;
			productName = GesturesDemo;
			productReference = 4D9903172B747BDE00288A2A /* GesturesDemo.app */;
			productType = "com.apple.product-type.application";
		};
		4D9903262B747BDF00288A2A /* GesturesDemoTests */ = {
			isa = PBXNativeTarget;
			buildConfigurationList = 4D99033E2B747BDF00288A2A /* Build configuration list for PBXNativeTarget "GesturesDemoTests" */;
			buildPhases = (
				4D9903232B747BDF00288A2A /* Sources */,
				4D9903242B747BDF00288A2A /* Frameworks */,
				4D9903252B747BDF00288A2A /* Resources */,
			);
			buildRules = (
			);
			dependencies = (
				4D9903292B747BDF00288A2A /* PBXTargetDependency */,
			);
			name = GesturesDemoTests;
			productName = GesturesDemoTests;
			productReference = 4D9903272B747BDF00288A2A /* GesturesDemoTests.xctest */;
			productType = "com.apple.product-type.bundle.unit-test";
		};
		4D9903302B747BDF00288A2A /* GesturesDemoUITests */ = {
			isa = PBXNativeTarget;
			buildConfigurationList = 4D9903412B747BDF00288A2A /* Build configuration list for PBXNativeTarget "GesturesDemoUITests" */;
			buildPhases = (
				4D99032D2B747BDF00288A2A /* Sources */,
				4D99032E2B747BDF00288A2A /* Frameworks */,
				4D99032F2B747BDF00288A2A /* Resources */,
			);
			buildRules = (
			);
			dependencies = (
				4D9903332B747BDF00288A2A /* PBXTargetDependency */,
			);
			name = GesturesDemoUITests;
			productName = GesturesDemoUITests;
			productReference = 4D9903312B747BDF00288A2A /* GesturesDemoUITests.xctest */;
			productType = "com.apple.product-type.bundle.ui-testing";
		};
/* End PBXNativeTarget section */

/* Begin PBXProject section */
		4D99030F2B747BDE00288A2A /* Project object */ = {
			isa = PBXProject;
			attributes = {
				BuildIndependentTargetsInParallel = 1;
				LastSwiftUpdateCheck = 1520;
				LastUpgradeCheck = 1520;
				TargetAttributes = {
					4D9903162B747BDE00288A2A = {
						CreatedOnToolsVersion = 15.2;
					};
					4D9903262B747BDF00288A2A = {
						CreatedOnToolsVersion = 15.2;
						TestTargetID = 4D9903162B747BDE00288A2A;
					};
					4D9903302B747BDF00288A2A = {
						CreatedOnToolsVersion = 15.2;
						TestTargetID = 4D9903162B747BDE00288A2A;
					};
				};
			};
			buildConfigurationList = 4D9903122B747BDE00288A2A /* Build configuration list for PBXProject "GesturesDemo" */;
			compatibilityVersion = "Xcode 14.0";
			developmentRegion = en;
			hasScannedForEncodings = 0;
			knownRegions = (
				en,
				Base,
			);
			mainGroup = 4D99030E2B747BDE00288A2A;
			productRefGroup = 4D9903182B747BDE00288A2A /* Products */;
			projectDirPath = "";
			projectRoot = "";
			targets = (
				4D9903162B747BDE00288A2A /* GesturesDemo */,
				4D9903262B747BDF00288A2A /* GesturesDemoTests */,
				4D9903302B747BDF00288A2A /* GesturesDemoUITests */,
			);
		};
/* End PBXProject section */

/* Begin PBXResourcesBuildPhase section */
		4D9903152B747BDE00288A2A /* Resources */ = {
			isa = PBXResourcesBuildPhase;
			buildActionMask = 2147483647;
			files = (
				4D9903222B747BDF00288A2A /* Preview Assets.xcassets in Resources */,
				4D99031F2B747BDF00288A2A /* Assets.xcassets in Resources */,
			);
			runOnlyForDeploymentPostprocessing = 0;
		};
		4D9903252B747BDF00288A2A /* Resources */ = {
			isa = PBXResourcesBuildPhase;
			buildActionMask = 2147483647;
			files = (
			);
			runOnlyForDeploymentPostprocessing = 0;
		};
		4D99032F2B747BDF00288A2A /* Resources */ = {
			isa = PBXResourcesBuildPhase;
			buildActionMask = 2147483647;
			files = (
			);
			runOnlyForDeploymentPostprocessing = 0;
		};
/* End PBXResourcesBuildPhase section */

/* Begin PBXSourcesBuildPhase section */
		4D9903132B747BDE00288A2A /* Sources */ = {
			isa = PBXSourcesBuildPhase;
			buildActionMask = 2147483647;
			files = (
				4D99031D2B747BDE00288A2A /* ContentView.swift in Sources */,
				4D99031B2B747BDE00288A2A /* GesturesDemoApp.swift in Sources */,
			);
			runOnlyForDeploymentPostprocessing = 0;
		};
		4D9903232B747BDF00288A2A /* Sources */ = {
			isa = PBXSourcesBuildPhase;
			buildActionMask = 2147483647;
			files = (
				4D99032C2B747BDF00288A2A /* GesturesDemoTests.swift in Sources */,
			);
			runOnlyForDeploymentPostprocessing = 0;
		};
		4D99032D2B747BDF00288A2A /* Sources */ = {
			isa = PBXSourcesBuildPhase;
			buildActionMask = 2147483647;
			files = (
				4D9903362B747BDF00288A2A /* GesturesDemoUITests.swift in Sources */,
				4D9903382B747BDF00288A2A /* GesturesDemoUITestsLaunchTests.swift in Sources */,
			);
			runOnlyForDeploymentPostprocessing = 0;
		};
/* End PBXSourcesBuildPhase section */

/* Begin PBXTargetDependency section */
		4D9903292B747BDF00288A2A /* PBXTargetDependency */ = {
			isa = PBXTargetDependency;
			target = 4D9903162B747BDE00288A2A /* GesturesDemo */;
			targetProxy = 4D9903282B747BDF00288A2A /* PBXContainerItemProxy */;
		};
		4D9903332B747BDF00288A2A /* PBXTargetDependency */ = {
			isa = PBXTargetDependency;
			target = 4D9903162B747BDE00288A2A /* GesturesDemo */;
			targetProxy = 4D9903322B747BDF00288A2A /* PBXContainerItemProxy */;
		};
/* End PBXTargetDependency section */

/* Begin XCBuildConfiguration section */
		4D9903392B747BDF00288A2A /* Debug */ = {
			isa = XCBuildConfiguration;
			buildSettings = {
				ALWAYS_SEARCH_USER_PATHS = NO;
				ASSETCATALOG_COMPILER_GENERATE_SWIFT_ASSET_SYMBOL_EXTENSIONS = YES;
				CLANG_ANALYZER_NONNULL = YES;
				CLANG_ANALYZER_NUMBER_OBJECT_CONVERSION = YES_AGGRESSIVE;
				CLANG_CXX_LANGUAGE_STANDARD = "gnu++20";
				CLANG_ENABLE_MODULES = YES;
				CLANG_ENABLE_OBJC_ARC = YES;
				CLANG_ENABLE_OBJC_WEAK = YES;
				CLANG_WARN_BLOCK_CAPTURE_AUTORELEASING = YES;
				CLANG_WARN_BOOL_CONVERSION = YES;
				CLANG_WARN_COMMA = YES;
				CLANG_WARN_CONSTANT_CONVERSION = YES;
				CLANG_WARN_DEPRECATED_OBJC_IMPLEMENTATIONS = YES;
				CLANG_WARN_DIRECT_OBJC_ISA_USAGE = YES_ERROR;
				CLANG_WARN_DOCUMENTATION_COMMENTS = YES;
				CLANG_WARN_EMPTY_BODY = YES;
				CLANG_WARN_ENUM_CONVERSION = YES;
				CLANG_WARN_INFINITE_RECURSION = YES;
				CLANG_WARN_INT_CONVERSION = YES;
				CLANG_WARN_NON_LITERAL_NULL_CONVERSION = YES;
				CLANG_WARN_OBJC_IMPLICIT_RETAIN_SELF = YES;
				CLANG_WARN_OBJC_LITERAL_CONVERSION = YES;
				CLANG_WARN_OBJC_ROOT_CLASS = YES_ERROR;
				CLANG_WARN_QUOTED_INCLUDE_IN_FRAMEWORK_HEADER = YES;
				CLANG_WARN_RANGE_LOOP_ANALYSIS = YES;
				CLANG_WARN_STRICT_PROTOTYPES = YES;
				CLANG_WARN_SUSPICIOUS_MOVE = YES;
				CLANG_WARN_UNGUARDED_AVAILABILITY = YES_AGGRESSIVE;
				CLANG_WARN_UNREACHABLE_CODE = YES;
				CLANG_WARN__DUPLICATE_METHOD_MATCH = YES;
				COPY_PHASE_STRIP = NO;
				DEBUG_INFORMATION_FORMAT = dwarf;
				ENABLE_STRICT_OBJC_MSGSEND = YES;
				ENABLE_TESTABILITY = YES;
				ENABLE_USER_SCRIPT_SANDBOXING = YES;
				GCC_C_LANGUAGE_STANDARD = gnu17;
				GCC_DYNAMIC_NO_PIC = NO;
				GCC_NO_COMMON_BLOCKS = YES;
				GCC_OPTIMIZATION_LEVEL = 0;
				GCC_PREPROCESSOR_DEFINITIONS = (
					"DEBUG=1",
					"$(inherited)",
				);
				GCC_WARN_64_TO_32_BIT_CONVERSION = YES;
				GCC_WARN_ABOUT_RETURN_TYPE = YES_ERROR;
				GCC_WARN_UNDECLARED_SELECTOR = YES;
				GCC_WARN_UNINITIALIZED_AUTOS = YES_AGGRESSIVE;
				GCC_WARN_UNUSED_FUNCTION = YES;
				GCC_WARN_UNUSED_VARIABLE = YES;
				IPHONEOS_DEPLOYMENT_TARGET = 17.2;
				LOCALIZATION_PREFERS_STRING_CATALOGS = YES;
				MTL_ENABLE_DEBUG_INFO = INCLUDE_SOURCE;
				MTL_FAST_MATH = YES;
				ONLY_ACTIVE_ARCH = YES;
				SDKROOT = iphoneos;
				SWIFT_ACTIVE_COMPILATION_CONDITIONS = "DEBUG $(inherited)";
				SWIFT_OPTIMIZATION_LEVEL = "-Onone";
			};
			name = Debug;
		};
		4D99033A2B747BDF00288A2A /* Release */ = {
			isa = XCBuildConfiguration;
			buildSettings = {
				ALWAYS_SEARCH_USER_PATHS = NO;
				ASSETCATALOG_COMPILER_GENERATE_SWIFT_ASSET_SYMBOL_EXTENSIONS = YES;
				CLANG_ANALYZER_NONNULL = YES;
				CLANG_ANALYZER_NUMBER_OBJECT_CONVERSION = YES_AGGRESSIVE;
				CLANG_CXX_LANGUAGE_STANDARD = "gnu++20";
				CLANG_ENABLE_MODULES = YES;
				CLANG_ENABLE_OBJC_ARC = YES;
				CLANG_ENABLE_OBJC_WEAK = YES;
				CLANG_WARN_BLOCK_CAPTURE_AUTORELEASING = YES;
				CLANG_WARN_BOOL_CONVERSION = YES;
				CLANG_WARN_COMMA = YES;
				CLANG_WARN_CONSTANT_CONVERSION = YES;
				CLANG_WARN_DEPRECATED_OBJC_IMPLEMENTATIONS = YES;
				CLANG_WARN_DIRECT_OBJC_ISA_USAGE = YES_ERROR;
				CLANG_WARN_DOCUMENTATION_COMMENTS = YES;
				CLANG_WARN_EMPTY_BODY = YES;
				CLANG_WARN_ENUM_CONVERSION = YES;
				CLANG_WARN_INFINITE_RECURSION = YES;
				CLANG_WARN_INT_CONVERSION = YES;
				CLANG_WARN_NON_LITERAL_NULL_CONVERSION = YES;
				CLANG_WARN_OBJC_IMPLICIT_RETAIN_SELF = YES;
				CLANG_WARN_OBJC_LITERAL_CONVERSION = YES;
				CLANG_WARN_OBJC_ROOT_CLASS = YES_ERROR;
				CLANG_WARN_QUOTED_INCLUDE_IN_FRAMEWORK_HEADER = YES;
				CLANG_WARN_RANGE_LOOP_ANALYSIS = YES;
				CLANG_WARN_STRICT_PROTOTYPES = YES;
				CLANG_WARN_SUSPICIOUS_MOVE = YES;
				CLANG_WARN_UNGUARDED_AVAILABILITY = YES_AGGRESSIVE;
				CLANG_WARN_UNREACHABLE_CODE = YES;
				CLANG_WARN__DUPLICATE_METHOD_MATCH = YES;
				COPY_PHASE_STRIP = NO;
				DEBUG_INFORMATION_FORMAT = "dwarf-with-dsym";
				ENABLE_NS_ASSERTIONS = NO;
				ENABLE_STRICT_OBJC_MSGSEND = YES;
				ENABLE_USER_SCRIPT_SANDBOXING = YES;
				GCC_C_LANGUAGE_STANDARD = gnu17;
				GCC_NO_COMMON_BLOCKS = YES;
				GCC_WARN_64_TO_32_BIT_CONVERSION = YES;
				GCC_WARN_ABOUT_RETURN_TYPE = YES_ERROR;
				GCC_WARN_UNDECLARED_SELECTOR = YES;
				GCC_WARN_UNINITIALIZED_AUTOS = YES_AGGRESSIVE;
				GCC_WARN_UNUSED_FUNCTION = YES;
				GCC_WARN_UNUSED_VARIABLE = YES;
				IPHONEOS_DEPLOYMENT_TARGET = 17.2;
				LOCALIZATION_PREFERS_STRING_CATALOGS = YES;
				MTL_ENABLE_DEBUG_INFO = NO;
				MTL_FAST_MATH = YES;
				SDKROOT = iphoneos;
				SWIFT_COMPILATION_MODE = wholemodule;
				VALIDATE_PRODUCT = YES;
			};
			name = Release;
		};
		4D99033C2B747BDF00288A2A /* Debug */ = {
			isa = XCBuildConfiguration;
			buildSettings = {
				ASSETCATALOG_COMPILER_APPICON_NAME = AppIcon;
				ASSETCATALOG_COMPILER_GLOBAL_ACCENT_COLOR_NAME = AccentColor;
				CODE_SIGN_STYLE = Automatic;
				CURRENT_PROJECT_VERSION = 1;
				DEVELOPMENT_ASSET_PATHS = "\"GesturesDemo/Preview Content\"";
				ENABLE_PREVIEWS = YES;
				GENERATE_INFOPLIST_FILE = YES;
				INFOPLIST_KEY_UIApplicationSceneManifest_Generation = YES;
				INFOPLIST_KEY_UIApplicationSupportsIndirectInputEvents = YES;
				INFOPLIST_KEY_UILaunchScreen_Generation = YES;
				INFOPLIST_KEY_UISupportedInterfaceOrientations_iPad = "UIInterfaceOrientationPortrait UIInterfaceOrientationPortraitUpsideDown UIInterfaceOrientationLandscapeLeft UIInterfaceOrientationLandscapeRight";
				INFOPLIST_KEY_UISupportedInterfaceOrientations_iPhone = "UIInterfaceOrientationPortrait UIInterfaceOrientationLandscapeLeft UIInterfaceOrientationLandscapeRight";
				LD_RUNPATH_SEARCH_PATHS = (
					"$(inherited)",
					"@executable_path/Frameworks",
				);
				MARKETING_VERSION = 1.0;
				PRODUCT_BUNDLE_IDENTIFIER = edu.usc.GesturesDemo;
				PRODUCT_NAME = "$(TARGET_NAME)";
				SWIFT_EMIT_LOC_STRINGS = YES;
				SWIFT_VERSION = 5.0;
				TARGETED_DEVICE_FAMILY = "1,2";
			};
			name = Debug;
		};
		4D99033D2B747BDF00288A2A /* Release */ = {
			isa = XCBuildConfiguration;
			buildSettings = {
				ASSETCATALOG_COMPILER_APPICON_NAME = AppIcon;
				ASSETCATALOG_COMPILER_GLOBAL_ACCENT_COLOR_NAME = AccentColor;
				CODE_SIGN_STYLE = Automatic;
				CURRENT_PROJECT_VERSION = 1;
				DEVELOPMENT_ASSET_PATHS = "\"GesturesDemo/Preview Content\"";
				ENABLE_PREVIEWS = YES;
				GENERATE_INFOPLIST_FILE = YES;
				INFOPLIST_KEY_UIApplicationSceneManifest_Generation = YES;
				INFOPLIST_KEY_UIApplicationSupportsIndirectInputEvents = YES;
				INFOPLIST_KEY_UILaunchScreen_Generation = YES;
				INFOPLIST_KEY_UISupportedInterfaceOrientations_iPad = "UIInterfaceOrientationPortrait UIInterfaceOrientationPortraitUpsideDown UIInterfaceOrientationLandscapeLeft UIInterfaceOrientationLandscapeRight";
				INFOPLIST_KEY_UISupportedInterfaceOrientations_iPhone = "UIInterfaceOrientationPortrait UIInterfaceOrientationLandscapeLeft UIInterfaceOrientationLandscapeRight";
				LD_RUNPATH_SEARCH_PATHS = (
					"$(inherited)",
					"@executable_path/Frameworks",
				);
				MARKETING_VERSION = 1.0;
				PRODUCT_BUNDLE_IDENTIFIER = edu.usc.GesturesDemo;
				PRODUCT_NAME = "$(TARGET_NAME)";
				SWIFT_EMIT_LOC_STRINGS = YES;
				SWIFT_VERSION = 5.0;
				TARGETED_DEVICE_FAMILY = "1,2";
			};
			name = Release;
		};
		4D99033F2B747BDF00288A2A /* Debug */ = {
			isa = XCBuildConfiguration;
			buildSettings = {
				ALWAYS_EMBED_SWIFT_STANDARD_LIBRARIES = YES;
				BUNDLE_LOADER = "$(TEST_HOST)";
				CODE_SIGN_STYLE = Automatic;
				CURRENT_PROJECT_VERSION = 1;
				GENERATE_INFOPLIST_FILE = YES;
				IPHONEOS_DEPLOYMENT_TARGET = 17.2;
				MARKETING_VERSION = 1.0;
				PRODUCT_BUNDLE_IDENTIFIER = edu.usc.GesturesDemoTests;
				PRODUCT_NAME = "$(TARGET_NAME)";
				SWIFT_EMIT_LOC_STRINGS = NO;
				SWIFT_VERSION = 5.0;
				TARGETED_DEVICE_FAMILY = "1,2";
				TEST_HOST = "$(BUILT_PRODUCTS_DIR)/GesturesDemo.app/$(BUNDLE_EXECUTABLE_FOLDER_PATH)/GesturesDemo";
			};
			name = Debug;
		};
		4D9903402B747BDF00288A2A /* Release */ = {
			isa = XCBuildConfiguration;
			buildSettings = {
				ALWAYS_EMBED_SWIFT_STANDARD_LIBRARIES = YES;
				BUNDLE_LOADER = "$(TEST_HOST)";
				CODE_SIGN_STYLE = Automatic;
				CURRENT_PROJECT_VERSION = 1;
				GENERATE_INFOPLIST_FILE = YES;
				IPHONEOS_DEPLOYMENT_TARGET = 17.2;
				MARKETING_VERSION = 1.0;
				PRODUCT_BUNDLE_IDENTIFIER = edu.usc.GesturesDemoTests;
				PRODUCT_NAME = "$(TARGET_NAME)";
				SWIFT_EMIT_LOC_STRINGS = NO;
				SWIFT_VERSION = 5.0;
				TARGETED_DEVICE_FAMILY = "1,2";
				TEST_HOST = "$(BUILT_PRODUCTS_DIR)/GesturesDemo.app/$(BUNDLE_EXECUTABLE_FOLDER_PATH)/GesturesDemo";
			};
			name = Release;
		};
		4D9903422B747BDF00288A2A /* Debug */ = {
			isa = XCBuildConfiguration;
			buildSettings = {
				ALWAYS_EMBED_SWIFT_STANDARD_LIBRARIES = YES;
				CODE_SIGN_STYLE = Automatic;
				CURRENT_PROJECT_VERSION = 1;
				GENERATE_INFOPLIST_FILE = YES;
				MARKETING_VERSION = 1.0;
				PRODUCT_BUNDLE_IDENTIFIER = edu.usc.GesturesDemoUITests;
				PRODUCT_NAME = "$(TARGET_NAME)";
				SWIFT_EMIT_LOC_STRINGS = NO;
				SWIFT_VERSION = 5.0;
				TARGETED_DEVICE_FAMILY = "1,2";
				TEST_TARGET_NAME = GesturesDemo;
			};
			name = Debug;
		};
		4D9903432B747BDF00288A2A /* Release */ = {
			isa = XCBuildConfiguration;
			buildSettings = {
				ALWAYS_EMBED_SWIFT_STANDARD_LIBRARIES = YES;
				CODE_SIGN_STYLE = Automatic;
				CURRENT_PROJECT_VERSION = 1;
				GENERATE_INFOPLIST_FILE = YES;
				MARKETING_VERSION = 1.0;
				PRODUCT_BUNDLE_IDENTIFIER = edu.usc.GesturesDemoUITests;
				PRODUCT_NAME = "$(TARGET_NAME)";
				SWIFT_EMIT_LOC_STRINGS = NO;
				SWIFT_VERSION = 5.0;
				TARGETED_DEVICE_FAMILY = "1,2";
				TEST_TARGET_NAME = GesturesDemo;
			};
			name = Release;
		};
/* End XCBuildConfiguration section */

/* Begin XCConfigurationList section */
		4D9903122B747BDE00288A2A /* Build configuration list for PBXProject "GesturesDemo" */ = {
			isa = XCConfigurationList;
			buildConfigurations = (
				4D9903392B747BDF00288A2A /* Debug */,
				4D99033A2B747BDF00288A2A /* Release */,
			);
			defaultConfigurationIsVisible = 0;
			defaultConfigurationName = Release;
		};
		4D99033B2B747BDF00288A2A /* Build configuration list for PBXNativeTarget "GesturesDemo" */ = {
			isa = XCConfigurationList;
			buildConfigurations = (
				4D99033C2B747BDF00288A2A /* Debug */,
				4D99033D2B747BDF00288A2A /* Release */,
			);
			defaultConfigurationIsVisible = 0;
			defaultConfigurationName = Release;
		};
		4D99033E2B747BDF00288A2A /* Build configuration list for PBXNativeTarget "GesturesDemoTests" */ = {
			isa = XCConfigurationList;
			buildConfigurations = (
				4D99033F2B747BDF00288A2A /* Debug */,
				4D9903402B747BDF00288A2A /* Release */,
			);
			defaultConfigurationIsVisible = 0;
			defaultConfigurationName = Release;
		};
		4D9903412B747BDF00288A2A /* Build configuration list for PBXNativeTarget "GesturesDemoUITests" */ = {
			isa = XCConfigurationList;
			buildConfigurations = (
				4D9903422B747BDF00288A2A /* Debug */,
				4D9903432B747BDF00288A2A /* Release */,
			);
			defaultConfigurationIsVisible = 0;
			defaultConfigurationName = Release;
		};
/* End XCConfigurationList section */
	};
	rootObject = 4D99030F2B747BDE00288A2A /* Project object */;
}
